{
  "requires": true,
  "lockfileVersion": 1,
  "dependencies": {
    "ngx-color-picker": {
      "version": "9.1.0",
      "resolved": "https://registry.npmjs.org/ngx-color-picker/-/ngx-color-picker-9.1.0.tgz",
      "integrity": "sha512-ViYBfXb4IL1UbM15LaZHYqHyHPYVEKg+rZB1GWSLqXVuDol3Cgt38D8XfOcivVAO60CziQ77k3ThDo31T6wC6A=="
    }
  }
}
